{
  "name": "claude-connection",
  "version": "1.0.0",
  "lockfileVersion": 3,
  "requires": true,
  "packages": {
    "": {
      "name": "claude-connection",
      "version": "1.0.0",
      "license": "ISC",
      "dependencies": {
        "@barba/core": "^2.10.3",
        "@formkit/auto-animate": "^0.9.0",
        "animejs": "^4.4.1",
        "aos": "^2.3.4",
        "canvas-confetti": "^1.9.4",
        "countup.js": "^2.10.0",
        "framer-motion": "^12.38.0",
        "gsap": "^3.15.0",
        "lenis": "^1.3.23",
        "scrollreveal": "^4.0.9",
        "split-type": "^0.3.4",
        "three": "^0.184.0",
        "tsparticles": "^4.0.2",
        "typed.js": "^3.0.0",
        "vanta": "^0.5.24",
        "vivus": "^0.4.6"
      }
    },
    "node_modules/@barba/core": {
      "version": "2.10.3",
      "resolved": "https://registry.npmjs.org/@barba/core/-/core-2.10.3.tgz",
      "integrity": "sha512-ovVeT1wUcdMg8Lu6Iel6yEBW2+s6iA7qfRLCVKTSIfJU9csiawU0UOmVJdcoy3WNOsF2Ur9UfoTUC9aDcm4c0w==",
      "license": "MIT",
      "dependencies": {
        "is-promise": "^4.0.0",
        "path-to-regexp": "^6.2.2"
      }
    },
    "node_modules/@formkit/auto-animate": {
      "version": "0.9.0",
      "resolved": "https://registry.npmjs.org/@formkit/auto-animate/-/auto-animate-0.9.0.tgz",
      "integrity": "sha512-VhP4zEAacXS3dfTpJpJ88QdLqMTcabMg0jwpOSxZ/VzfQVfl3GkZSCZThhGC5uhq/TxPHPzW0dzr4H9Bb1OgKA==",
      "license": "MIT"
    },
    "node_modules/@tsparticles/basic": {
      "version": "4.0.2",
      "resolved": "https://registry.npmjs.org/@tsparticles/basic/-/basic-4.0.2.tgz",
      "integrity": "sha512-SPUeC2NvRcFLiLbZK+XMh/hzAHeb5he0Eqi12RH5IOPVG0TQx8Hw8NiTcNFiY3dQMmTQfT9tvcVhw8KCi7aauw==",
      "funding": [
        {
          "type": "github",
          "url": "https://github.com/sponsors/matteobruni"
        },
        {
          "type": "github",
          "url": "https://github.com/sponsors/tsparticles"
        },
        {
          "type": "buymeacoffee",
          "url": "https://www.buymeacoffee.com/matteobruni"
        }
      ],
      "license": "MIT",
      "dependencies": {
        "@tsparticles/engine": "4.0.2",
        "@tsparticles/plugin-hex-color": "4.0.2",
        "@tsparticles/plugin-hsl-color": "4.0.2",
        "@tsparticles/plugin-move": "4.0.2",
        "@tsparticles/plugin-rgb-color": "4.0.2",
        "@tsparticles/shape-circle": "4.0.2",
        "@tsparticles/updater-opacity": "4.0.2",
        "@tsparticles/updater-out-modes": "4.0.2",
        "@tsparticles/updater-paint": "4.0.2",
        "@tsparticles/updater-size": "4.0.2"
      }
    },
    "node_modules/@tsparticles/canvas-utils": {
      "version": "4.0.2",
      "resolved": "https://registry.npmjs.org/@tsparticles/canvas-utils/-/canvas-utils-4.0.2.tgz",
      "integrity": "sha512-tG8YyaBvU40uS67TdkZ9DpA9MmpT1vKfIK6iAkpR5dsNNY47It4xjeiCLgSGN/ugrjnYPiM5969+FPnEV8srcQ==",
      "funding": [
        {
          "type": "github",
          "url": "https://github.com/sponsors/matteobruni"
        },
        {
          "type": "github",
          "url": "https://github.com/sponsors/tsparticles"
        },
        {
          "type": "buymeacoffee",
          "url": "https://www.buymeacoffee.com/matteobruni"
        }
      ],
      "license": "MIT",
      "peerDependencies": {
        "@tsparticles/engine": "4.0.2"
      }
    },
    "node_modules/@tsparticles/engine": {
      "version": "4.0.2",
      "resolved": "https://registry.npmjs.org/@tsparticles/engine/-/engine-4.0.2.tgz",
      "integrity": "sha512-B7xggalqpi2mu+rkPAV4abMrsqkdayYmeg78SHrOjJy6ApTMcWD0U2/zvxAFnc1U8EnsRBX8vIiTwBHdNZmp0A==",
      "funding": [
        {
          "type": "github",
          "url": "https://github.com/sponsors/matteobruni"
        },
        {
          "type": "github",
          "url": "https://github.com/sponsors/tsparticles"
        },
        {
          "type": "buymeacoffee",
          "url": "https://www.buymeacoffee.com/matteobruni"
        }
      ],
      "hasInstallScript": true,
      "license": "MIT"
    },
    "node_modules/@tsparticles/interaction-external-attract": {
      "version": "4.0.2",
      "resolved": "https://registry.npmjs.org/@tsparticles/interaction-external-attract/-/interaction-external-attract-4.0.2.tgz",
      "integrity": "sha512-yq7FvTupYFtKwy4cI0ymcqhEpkESeueoMiMyGZ9rFj7VIxDabe/qO723oiPQGBuB4o6gYg3uCw0CbgOwyzI3RA==",
      "license": "MIT",
      "peerDependencies": {
        "@tsparticles/engine": "4.0.2",
        "@tsparticles/plugin-interactivity": "4.0.2"
      }
    },
    "node_modules/@tsparticles/interaction-external-bounce": {
      "version": "4.0.2",
      "resolved": "https://registry.npmjs.org/@tsparticles/interaction-external-bounce/-/interaction-external-bounce-4.0.2.tgz",
      "integrity": "sha512-bDjfbC29bwtlxQDmD5SNL296VVX68byaPQ2v2TVhSF57joMWNHUi/vVN0q+P9FHfnvJpUT41zhhfOznUn097EA==",
      "license": "MIT",
      "peerDependencies": {
        "@tsparticles/engine": "4.0.2",
        "@tsparticles/plugin-interactivity": "4.0.2"
      }
    },
    "node_modules/@tsparticles/interaction-external-bubble": {
      "version": "4.0.2",
      "resolved": "https://registry.npmjs.org/@tsparticles/interaction-external-bubble/-/interaction-external-bubble-4.0.2.tgz",
      "integrity": "sha512-iTZmC+SafYM+8b4iXnyy7bACyWaU/UtF1QD1lvloN4pUFuLg71/RmudJFbvsM8s0H3nqYpRXxNDvtOOQxmqpGg==",
      "license": "MIT",
      "peerDependencies": {
        "@tsparticles/engine": "4.0.2",
        "@tsparticles/plugin-interactivity": "4.0.2"
      }
    },
    "node_modules/@tsparticles/interaction-external-connect": {
      "version": "4.0.2",
      "resolved": "https://registry.npmjs.org/@tsparticles/interaction-external-connect/-/interaction-external-connect-4.0.2.tgz",
      "integrity": "sha512-Ov25f0w5821ov4HrWvDw+zQBwOD//8wsYO7TBa7M2N3kvZhIdiW5T/kVXa+AbqEIMCCbqvqXwhj6oxlRe764fQ==",
      "license": "MIT",
      "dependencies": {
        "@tsparticles/canvas-utils": "4.0.2"
      },
      "peerDependencies": {
        "@tsparticles/engine": "4.0.2",
        "@tsparticles/plugin-interactivity": "4.0.2"
      }
    },
    "node_modules/@tsparticles/interaction-external-destroy": {
      "version": "4.0.2",
      "resolved": "https://registry.npmjs.org/@tsparticles/interaction-external-destroy/-/interaction-external-destroy-4.0.2.tgz",
      "integrity": "sha512-zmfg35KuAvUzFea8GO3cRax5NdwuGNPOXoIJoEkfeAQbtXthThJx0XVKyRWu8T3Mj5PDMY4wn2+SuT0YDkaOIw==",
      "license": "MIT",
      "peerDependencies": {
        "@tsparticles/engine": "4.0.2",
        "@tsparticles/plugin-interactivity": "4.0.2"
      }
    },
    "node_modules/@tsparticles/interaction-external-drag": {
      "version": "4.0.2",
      "resolved": "https://registry.npmjs.org/@tsparticles/interaction-external-drag/-/interaction-external-drag-4.0.2.tgz",
      "integrity": "sha512-LZTtzFB1Sv0nGUGyqeFuZAaZm8wAW0fxZIyGiCk05hJN5dw31rYhB9psMb1OVJFrqRqBFbLZ5oe59Q/aguSp3g==",
      "license": "MIT",
      "peerDependencies": {
        "@tsparticles/engine": "4.0.2",
        "@tsparticles/plugin-interactivity": "4.0.2"
      }
    },
    "node_modules/@tsparticles/interaction-external-grab": {
      "version": "4.0.2",
      "resolved": "https://registry.npmjs.org/@tsparticles/interaction-external-grab/-/interaction-external-grab-4.0.2.tgz",
      "integrity": "sha512-q+mjFoAlRHoj4WtARjy2BNGqZzRHzbU2ONO9zeTO48mLwSlSkOyJdGbLn/SnElKG6c4g5C+Gdwp2co/DjScqVQ==",
      "license": "MIT",
      "dependencies": {
        "@tsparticles/canvas-utils": "4.0.2"
      },
      "peerDependencies": {
        "@tsparticles/engine": "4.0.2",
        "@tsparticles/plugin-interactivity": "4.0.2"
      }
    },
    "node_modules/@tsparticles/interaction-external-parallax": {
      "version": "4.0.2",
      "resolved": "https://registry.npmjs.org/@tsparticles/interaction-external-parallax/-/interaction-external-parallax-4.0.2.tgz",
      "integrity": "sha512-5lWgMNCQVvEnsESOto1MqfStI7716MYK/8ZTIKhx3VhdQTjtRzy683/KJLWZZTkLAsQx1s+JcFuSLJsa9fskUA==",
      "license": "MIT",
      "peerDependencies": {
        "@tsparticles/engine": "4.0.2",
        "@tsparticles/plugin-interactivity": "4.0.2"
      }
    },
    "node_modules/@tsparticles/interaction-external-pause": {
      "version": "4.0.2",
      "resolved": "https://registry.npmjs.org/@tsparticles/interaction-external-pause/-/interaction-external-pause-4.0.2.tgz",
      "integrity": "sha512-eVZFoClNLJMlvLXKIInTU2nBtQUubCk3AxJTY6prsO7iDDCHREyt9YfT649SkhY/kMmrzuPwe7yNZ3ZDUR/VLw==",
      "license": "MIT",
      "peerDependencies": {
        "@tsparticles/engine": "4.0.2",
        "@tsparticles/plugin-interactivity": "4.0.2"
      }
    },
    "node_modules/@tsparticles/interaction-external-push": {
      "version": "4.0.2",
      "resolved": "https://registry.npmjs.org/@tsparticles/interaction-external-push/-/interaction-external-push-4.0.2.tgz",
      "integrity": "sha512-9uTn8N/lRz0EQNBvKu4xoCYBySyQs2jGQnfC6ZERI1tK8QAXRKM+3Xp53eau6Ji0ZiOFoSGpT1ChsYG6GZKGog==",
      "license": "MIT",
      "peerDependencies": {
        "@tsparticles/engine": "4.0.2",
        "@tsparticles/plugin-interactivity": "4.0.2"
      }
    },
    "node_modules/@tsparticles/interaction-external-remove": {
      "version": "4.0.2",
      "resolved": "https://registry.npmjs.org/@tsparticles/interaction-external-remove/-/interaction-external-remove-4.0.2.tgz",
      "integrity": "sha512-eobnMHAiiZQZawRRK6bmsLEsiSrqyKr1RQXVEHHkr2Syiialw4+e1afLg/BwL9Rm7nDmYKwWXjlJ2ky36S//bA==",
      "license": "MIT",
      "peerDependencies": {
        "@tsparticles/engine": "4.0.2",
        "@tsparticles/plugin-interactivity": "4.0.2"
      }
    },
    "node_modules/@tsparticles/interaction-external-repulse": {
      "version": "4.0.2",
      "resolved": "https://registry.npmjs.org/@tsparticles/interaction-external-repulse/-/interaction-external-repulse-4.0.2.tgz",
      "integrity": "sha512-cPJDjj/qfQp8VyKEsgkniawlpfrv5hG69Mq9rWE7z5tQWbvi0NaPDriU1fFp4rc+DvAU1FwfFemqaFCw8yJUtQ==",
      "license": "MIT",
      "peerDependencies": {
        "@tsparticles/engine": "4.0.2",
        "@tsparticles/plugin-interactivity": "4.0.2"
      }
    },
    "node_modules/@tsparticles/interaction-external-slow": {
      "version": "4.0.2",
      "resolved": "https://registry.npmjs.org/@tsparticles/interaction-external-slow/-/interaction-external-slow-4.0.2.tgz",
      "integrity": "sha512-jVd1uSu/jrJNj7LYq5+/SK5vMlR7Syp6vhr1pjXx9Ov+VFROcPnNT1hgMcmD2eu/sWww+rnJjn+05f0CEkgoAA==",
      "license": "MIT",
      "peerDependencies": {
        "@tsparticles/engine": "4.0.2",
        "@tsparticles/plugin-interactivity": "4.0.2"
      }
    },
    "node_modules/@tsparticles/interaction-external-trail": {
      "version": "4.0.2",
      "resolved": "https://registry.npmjs.org/@tsparticles/interaction-external-trail/-/interaction-external-trail-4.0.2.tgz",
      "integrity": "sha512-zTtqb8pfYyXDyu0EOxyxQ+euuLZJZiztWnc4SRjj/Zavdv5Sr5dUo8mtieF+1w0Z2pjN6WkqoFmnY961WpVdSA==",
      "license": "MIT",
      "peerDependencies": {
        "@tsparticles/engine": "4.0.2",
        "@tsparticles/plugin-interactivity": "4.0.2"
      }
    },
    "node_modules/@tsparticles/interaction-particles-attract": {
      "version": "4.0.2",
      "resolved": "https://registry.npmjs.org/@tsparticles/interaction-particles-attract/-/interaction-particles-attract-4.0.2.tgz",
      "integrity": "sha512-a+4xLjE3apwtWgzJEmH0ENILu5/V072OkYIQ+DBn7mYpd3loz+JvngDiQgL2y3KbRQw/3qnCMgnGqt0+LiLZ0Q==",
      "license": "MIT",
      "peerDependencies": {
        "@tsparticles/engine": "4.0.2",
        "@tsparticles/plugin-interactivity": "4.0.2"
      }
    },
    "node_modules/@tsparticles/interaction-particles-collisions": {
      "version": "4.0.2",
      "resolved": "https://registry.npmjs.org/@tsparticles/interaction-particles-collisions/-/interaction-particles-collisions-4.0.2.tgz",
      "integrity": "sha512-Daw9x9ugAd5mTBtl56Tf2V63prNrn2jJLHgAt9E0vyeItQxIOlpgeEpT/oj8b4tnav1g0cx8ZP5RHRanjO8KNQ==",
      "license": "MIT",
      "peerDependencies": {
        "@tsparticles/engine": "4.0.2",
        "@tsparticles/plugin-interactivity": "4.0.2"
      }
    },
    "node_modules/@tsparticles/interaction-particles-links": {
      "version": "4.0.2",
      "resolved": "https://registry.npmjs.org/@tsparticles/interaction-particles-links/-/interaction-particles-links-4.0.2.tgz",
      "integrity": "sha512-fGrcaDUXE7ScwXBYzS33h61HJ7BIQi7aHXE/SL2NzyC7DkVee50X9XuqKOw51pNA3mM/Fk0xBL8PvoRjqf9tDA==",
      "license": "MIT",
      "dependencies": {
        "@tsparticles/canvas-utils": "4.0.2"
      },
      "peerDependencies": {
        "@tsparticles/engine": "4.0.2",
        "@tsparticles/plugin-interactivity": "4.0.2"
      }
    },
    "node_modules/@tsparticles/plugin-absorbers": {
      "version": "4.0.2",
      "resolved": "https://registry.npmjs.org/@tsparticles/plugin-absorbers/-/plugin-absorbers-4.0.2.tgz",
      "integrity": "sha512-3ox6FMzsvdkop2TsbzzGbAsyIfHl2f/KjXdPKrkSC+EHAwlKufqDB1xhVscdMH5SuhDCuDwlqsD1sxxrDv5lCQ==",
      "license": "MIT",
      "peerDependencies": {
        "@tsparticles/engine": "4.0.2",
        "@tsparticles/plugin-interactivity": "4.0.2"
      },
      "peerDependenciesMeta": {
        "@tsparticles/plugin-interactivity": {
          "optional": true
        }
      }
    },
    "node_modules/@tsparticles/plugin-easing-quad": {
      "version": "4.0.2",
      "resolved": "https://registry.npmjs.org/@tsparticles/plugin-easing-quad/-/plugin-easing-quad-4.0.2.tgz",
      "integrity": "sha512-Zdntgznxe0SrtFfMSuwIDRLSi4iowiv3eiwcZJXsP2jPrxG7gR9PMG6DkbhmgU3P2BafRHh0mUzLY3NWOH9chQ==",
      "funding": [
        {
          "type": "github",
          "url": "https://github.com/sponsors/matteobruni"
        },
        {
          "type": "github",
          "url": "https://github.com/sponsors/tsparticles"
        },
        {
          "type": "buymeacoffee",
          "url": "https://www.buymeacoffee.com/matteobruni"
        }
      ],
      "license": "MIT",
      "peerDependencies": {
        "@tsparticles/engine": "4.0.2"
      }
    },
    "node_modules/@tsparticles/plugin-emitters": {
      "version": "4.0.2",
      "resolved": "https://registry.npmjs.org/@tsparticles/plugin-emitters/-/plugin-emitters-4.0.2.tgz",
      "integrity": "sha512-j17LTe0n/UkW40GALIV9IvmGnDyQkxeUXFi1kUTCv0h9KMoHWjFO3nvcOEmWHqQuVfxT5+4F3WrR44gMwvsrNw==",
      "license": "MIT",
      "peerDependencies": {
        "@tsparticles/engine": "4.0.2",
        "@tsparticles/plugin-interactivity": "4.0.2"
      },
      "peerDependenciesMeta": {
        "@tsparticles/plugin-interactivity": {
          "optional": true
        }
      }
    },
    "node_modules/@tsparticles/plugin-emitters-shape-circle": {
      "version": "4.0.2",
      "resolved": "https://registry.npmjs.org/@tsparticles/plugin-emitters-shape-circle/-/plugin-emitters-shape-circle-4.0.2.tgz",
      "integrity": "sha512-6ZUq/lXW397f96+TVV+7GA6oaRomuh3hAaHSu4KwVgj7JkcVF5rNuIHL5eOaFIqIxlR/QaL3/mcR7MMM7W0CeA==",
      "funding": [
        {
          "type": "github",
          "url": "https://github.com/sponsors/matteobruni"
        },
        {
          "type": "github",
          "url": "https://github.com/sponsors/tsparticles"
        },
        {
          "type": "buymeacoffee",
          "url": "https://www.buymeacoffee.com/matteobruni"
        }
      ],
      "license": "MIT",
      "peerDependencies": {
        "@tsparticles/engine": "4.0.2",
        "@tsparticles/plugin-emitters": "4.0.2"
      }
    },
    "node_modules/@tsparticles/plugin-emitters-shape-square": {
      "version": "4.0.2",
      "resolved": "https://registry.npmjs.org/@tsparticles/plugin-emitters-shape-square/-/plugin-emitters-shape-square-4.0.2.tgz",
      "integrity": "sha512-4zFRWAV9Jt4VkwPaoopJNuLHf8UWIiQ0stdiwMw5agGOFfeBjSVfWqUEAxKhuOdNst3k50X44tmhDpESLmio4A==",
      "funding": [
        {
          "type": "github",
          "url": "https://github.com/sponsors/matteobruni"
        },
        {
          "type": "github",
          "url": "https://github.com/sponsors/tsparticles"
        },
        {
          "type": "buymeacoffee",
          "url": "https://www.buymeacoffee.com/matteobruni"
        }
      ],
      "license": "MIT",
      "peerDependencies": {
        "@tsparticles/engine": "4.0.2",
        "@tsparticles/plugin-emitters": "4.0.2"
      }
    },
    "node_modules/@tsparticles/plugin-hex-color": {
      "version": "4.0.2",
      "resolved": "https://registry.npmjs.org/@tsparticles/plugin-hex-color/-/plugin-hex-color-4.0.2.tgz",
      "integrity": "sha512-wobR2XD42kLHt2wgj2Hd5c8/urcBgIg2Cs+2zo5j8GQkpY3Na0ofPrpojQXrC663Q8lhaC1EJ5spEM8wT3EzEA==",
      "funding": [
        {
          "type": "github",
          "url": "https://github.com/sponsors/matteobruni"
        },
        {
          "type": "github",
          "url": "https://github.com/sponsors/tsparticles"
        },
        {
          "type": "buymeacoffee",
          "url": "https://www.buymeacoffee.com/matteobruni"
        }
      ],
      "license": "MIT",
      "peerDependencies": {
        "@tsparticles/engine": "4.0.2"
      }
    },
    "node_modules/@tsparticles/plugin-hsl-color": {
      "version": "4.0.2",
      "resolved": "https://registry.npmjs.org/@tsparticles/plugin-hsl-color/-/plugin-hsl-color-4.0.2.tgz",
      "integrity": "sha512-hCG+pGkqS+ucibQ2RGY3t/Uwh+llbSfRwf9qidDI9emlb3Mx2GoqGR15h2wMhEvNxf96I8G12hN1QFA3V9n1EA==",
      "funding": [
        {
          "type": "github",
          "url": "https://github.com/sponsors/matteobruni"
        },
        {
          "type": "github",
          "url": "https://github.com/sponsors/tsparticles"
        },
        {
          "type": "buymeacoffee",
          "url": "https://www.buymeacoffee.com/matteobruni"
        }
      ],
      "license": "MIT",
      "peerDependencies": {
        "@tsparticles/engine": "4.0.2"
      }
    },
    "node_modules/@tsparticles/plugin-interactivity": {
      "version": "4.0.2",
      "resolved": "https://registry.npmjs.org/@tsparticles/plugin-interactivity/-/plugin-interactivity-4.0.2.tgz",
      "integrity": "sha512-e3RczVWDh0fZRSu8s1YA2QIpGIPdbQgUwbgrUiyNdKHgUTyOHmWTOKcnKMrRpwtt6PD1n3cR5ed8n6NUomLaGg==",
      "license": "MIT",
      "peerDependencies": {
        "@tsparticles/engine": "4.0.2"
      }
    },
    "node_modules/@tsparticles/plugin-move": {
      "version": "4.0.2",
      "resolved": "https://registry.npmjs.org/@tsparticles/plugin-move/-/plugin-move-4.0.2.tgz",
      "integrity": "sha512-rO7ITxNNGd+lZ6TiScXz5vhkpkfQL7hoXEdQZ8kKCgPEXpJX23GVLtAP9jNHSmzYQgFOmxoktuggWpqzdqoFhA==",
      "license": "MIT",
      "peerDependencies": {
        "@tsparticles/engine": "4.0.2"
      }
    },
    "node_modules/@tsparticles/plugin-rgb-color": {
      "version": "4.0.2",
      "resolved": "https://registry.npmjs.org/@tsparticles/plugin-rgb-color/-/plugin-rgb-color-4.0.2.tgz",
      "integrity": "sha512-/6VaPUTdhbV+1TMYBJ+1NhAsKaIasH0rSKVTUUWzwFDdFIl93NblGsjwZgk/7WcMEbxJ4j64nR/r8YjgUAIGSA==",
      "funding": [
        {
          "type": "github",
          "url": "https://github.com/sponsors/matteobruni"
        },
        {
          "type": "github",
          "url": "https://github.com/sponsors/tsparticles"
        },
        {
          "type": "buymeacoffee",
          "url": "https://www.buymeacoffee.com/matteobruni"
        }
      ],
      "license": "MIT",
      "peerDependencies": {
        "@tsparticles/engine": "4.0.2"
      }
    },
    "node_modules/@tsparticles/shape-circle": {
      "version": "4.0.2",
      "resolved": "https://registry.npmjs.org/@tsparticles/shape-circle/-/shape-circle-4.0.2.tgz",
      "integrity": "sha512-b64si1QRfj1wL27GIgdiKJzJb/iDuMnGRiEnuvnwxI7gL67qTjaDRmCS5+16QBqfrttcm0mXp+JMqFsCmcMD+Q==",
      "license": "MIT",
      "peerDependencies": {
        "@tsparticles/engine": "4.0.2"
      }
    },
    "node_modules/@tsparticles/shape-emoji": {
      "version": "4.0.2",
      "resolved": "https://registry.npmjs.org/@tsparticles/shape-emoji/-/shape-emoji-4.0.2.tgz",
      "integrity": "sha512-UkkfkcvCayzBZO5wemOZ+n1A/StZ1xQi+TRvoNm4CbFU3Qan3VsrXQl6rQyrM84rDUCJ9Qw+/d7ZoZoQ3Kujuw==",
      "license": "MIT",
      "dependencies": {
        "@tsparticles/canvas-utils": "4.0.2"
      },
      "peerDependencies": {
        "@tsparticles/engine": "4.0.2"
      }
    },
    "node_modules/@tsparticles/shape-image": {
      "version": "4.0.2",
      "resolved": "https://registry.npmjs.org/@tsparticles/shape-image/-/shape-image-4.0.2.tgz",
      "integrity": "sha512-rqsxPRGlwFu+AH/xdok+tBpi6rgKBUSiMHjlU4U86JZ7tkW+aLjtayovpd6zPep9N9SB3xrAz2rYWzbQOiUzMg==",
      "license": "MIT",
      "peerDependencies": {
        "@tsparticles/engine": "4.0.2"
      }
    },
    "node_modules/@tsparticles/shape-line": {
      "version": "4.0.2",
      "resolved": "https://registry.npmjs.org/@tsparticles/shape-line/-/shape-line-4.0.2.tgz",
      "integrity": "sha512-jpKPn8r3DrVyiXOjdcEU7Qd0ZN1fthJ6Pd77pEeXqTt7uyFyhc9k6ZufriJdpv4pwlB6825HeFQzQ3ksWChn3w==",
      "license": "MIT",
      "peerDependencies": {
        "@tsparticles/engine": "4.0.2"
      }
    },
    "node_modules/@tsparticles/shape-polygon": {
      "version": "4.0.2",
      "resolved": "https://registry.npmjs.org/@tsparticles/shape-polygon/-/shape-polygon-4.0.2.tgz",
      "integrity": "sha512-uEp05LzzIiST510v+coLWVGbiukR+AHx77qL/kuCk2Bhv/VSneob2qV2xi6tlAaOy5pqLWYlbL5od6XoGayRzg==",
      "license": "MIT",
      "peerDependencies": {
        "@tsparticles/engine": "4.0.2"
      }
    },
    "node_modules/@tsparticles/shape-square": {
      "version": "4.0.2",
      "resolved": "https://registry.npmjs.org/@tsparticles/shape-square/-/shape-square-4.0.2.tgz",
      "integrity": "sha512-aqbzmf0GWTOpZQJ4w266OhNuCyK1NMUpPEh0gSB5zdXUmPozEDGtsMr5xTdvoCdd9iIfsconIAmG0Cf3tSr3Ng==",
      "license": "MIT",
      "peerDependencies": {
        "@tsparticles/engine": "4.0.2"
      }
    },
    "node_modules/@tsparticles/shape-star": {
      "version": "4.0.2",
      "resolved": "https://registry.npmjs.org/@tsparticles/shape-star/-/shape-star-4.0.2.tgz",
      "integrity": "sha512-sRSANDemSoZFyq9ORkgBw+2Frq3zszN8jgtz17nNFmf0Ad2yUvThtgefa/vU1NTV+f4TgV0g448CFw6k/xB4iA==",
      "license": "MIT",
      "peerDependencies": {
        "@tsparticles/engine": "4.0.2"
      }
    },
    "node_modules/@tsparticles/shape-text": {
      "version": "4.0.2",
      "resolved": "https://registry.npmjs.org/@tsparticles/shape-text/-/shape-text-4.0.2.tgz",
      "integrity": "sha512-YtzMcVWcdRPpu/xZ6kJAQug1AAdkUhV21mmOuAiXAesVrDIFWgNt9xlkpiH8VD61bQXRe87vIKcOXlD5WLxDaA==",
      "license": "MIT",
      "dependencies": {
        "@tsparticles/canvas-utils": "4.0.2"
      },
      "peerDependencies": {
        "@tsparticles/engine": "4.0.2"
      }
    },
    "node_modules/@tsparticles/slim": {
      "version": "4.0.2",
      "resolved": "https://registry.npmjs.org/@tsparticles/slim/-/slim-4.0.2.tgz",
      "integrity": "sha512-lxyijpUAAY+6TETDKstlaQuZOwZNJbBTDV6PyjFOsFs5bvrajPhs3TF5tj0PRUW8YGltc0nfZwDS5q8NwtUfVA==",
      "funding": [
        {
          "type": "github",
          "url": "https://github.com/sponsors/matteobruni"
        },
        {
          "type": "github",
          "url": "https://github.com/sponsors/tsparticles"
        },
        {
          "type": "buymeacoffee",
          "url": "https://www.buymeacoffee.com/matteobruni"
        }
      ],
      "license": "MIT",
      "dependencies": {
        "@tsparticles/basic": "4.0.2",
        "@tsparticles/engine": "4.0.2",
        "@tsparticles/interaction-external-attract": "4.0.2",
        "@tsparticles/interaction-external-bounce": "4.0.2",
        "@tsparticles/interaction-external-bubble": "4.0.2",
        "@tsparticles/interaction-external-connect": "4.0.2",
        "@tsparticles/interaction-external-destroy": "4.0.2",
        "@tsparticles/interaction-external-grab": "4.0.2",
        "@tsparticles/interaction-external-parallax": "4.0.2",
        "@tsparticles/interaction-external-pause": "4.0.2",
        "@tsparticles/interaction-external-push": "4.0.2",
        "@tsparticles/interaction-external-remove": "4.0.2",
        "@tsparticles/interaction-external-repulse": "4.0.2",
        "@tsparticles/interaction-external-slow": "4.0.2",
        "@tsparticles/interaction-particles-attract": "4.0.2",
        "@tsparticles/interaction-particles-collisions": "4.0.2",
        "@tsparticles/interaction-particles-links": "4.0.2",
        "@tsparticles/plugin-easing-quad": "4.0.2",
        "@tsparticles/plugin-interactivity": "4.0.2",
        "@tsparticles/shape-emoji": "4.0.2",
        "@tsparticles/shape-image": "4.0.2",
        "@tsparticles/shape-line": "4.0.2",
        "@tsparticles/shape-polygon": "4.0.2",
        "@tsparticles/shape-square": "4.0.2",
        "@tsparticles/shape-star": "4.0.2",
        "@tsparticles/updater-life": "4.0.2",
        "@tsparticles/updater-paint": "4.0.2",
        "@tsparticles/updater-rotate": "4.0.2"
      }
    },
    "node_modules/@tsparticles/updater-destroy": {
      "version": "4.0.2",
      "resolved": "https://registry.npmjs.org/@tsparticles/updater-destroy/-/updater-destroy-4.0.2.tgz",
      "integrity": "sha512-WLE+UtHU1PAr4dp0h9aNSmrr/+bEQbvUkIBXh1Zv1LoE3FYhBLyfoz+0BcIOr8atD8u2hOUvtyLBewl4L1hkFA==",
      "license": "MIT",
      "peerDependencies": {
        "@tsparticles/engine": "4.0.2"
      }
    },
    "node_modules/@tsparticles/updater-life": {
      "version": "4.0.2",
      "resolved": "https://registry.npmjs.org/@tsparticles/updater-life/-/updater-life-4.0.2.tgz",
      "integrity": "sha512-ezqVL8aGjY1vsYtmVujxQL2FBCfIXFADwoCpyAnHaZ6Wb1YZTyYx+cCbitcHy53L99L9RSaJELe8WuH8K2P/tQ==",
      "license": "MIT",
      "peerDependencies": {
        "@tsparticles/engine": "4.0.2"
      }
    },
    "node_modules/@tsparticles/updater-opacity": {
      "version": "4.0.2",
      "resolved": "https://registry.npmjs.org/@tsparticles/updater-opacity/-/updater-opacity-4.0.2.tgz",
      "integrity": "sha512-TLvjO2aoGGri4qToNwcbhEnklXow8ePE7r6wrhsr6UQUisuV2WOgVfY8qazy/wQ/VITf/UhFpeAVUUxxB7LvUw==",
      "license": "MIT",
      "peerDependencies": {
        "@tsparticles/engine": "4.0.2"
      }
    },
    "node_modules/@tsparticles/updater-out-modes": {
      "version": "4.0.2",
      "resolved": "https://registry.npmjs.org/@tsparticles/updater-out-modes/-/updater-out-modes-4.0.2.tgz",
      "integrity": "sha512-9Sdg1J/1IudnbpxzKsyhfnNzApBer/T9wFxf4q9QAMNsYMmHacBMMH5Dh0On4o1SWY5v2m2cnmivyouAOf8y0Q==",
      "license": "MIT",
      "peerDependencies": {
        "@tsparticles/engine": "4.0.2"
      }
    },
    "node_modules/@tsparticles/updater-paint": {
      "version": "4.0.2",
      "resolved": "https://registry.npmjs.org/@tsparticles/updater-paint/-/updater-paint-4.0.2.tgz",
      "integrity": "sha512-McH84yJvnlldpf8AwIjAe/oiNYyrNQrWGM8657Q7JptWSFkElPYM4Ph7MtNXlvAlvmZ3OIJld+JK+eHXWa4Crg==",
      "license": "MIT",
      "peerDependencies": {
        "@tsparticles/engine": "4.0.2"
      }
    },
    "node_modules/@tsparticles/updater-roll": {
      "version": "4.0.2",
      "resolved": "https://registry.npmjs.org/@tsparticles/updater-roll/-/updater-roll-4.0.2.tgz",
      "integrity": "sha512-UuxKlEmrC9x/ID+KP0j1k/DsCzmZHUFgZ6C0cSbiIEf3roUXbFo6/u37XzpFE5pq6qlTqCRiI4+EJKoT6UaFtQ==",
      "license": "MIT",
      "peerDependencies": {
        "@tsparticles/engine": "4.0.2"
      }
    },
    "node_modules/@tsparticles/updater-rotate": {
      "version": "4.0.2",
      "resolved": "https://registry.npmjs.org/@tsparticles/updater-rotate/-/updater-rotate-4.0.2.tgz",
      "integrity": "sha512-SeCtW4MSqeQFVULOolevVahGwvugp5o/vcXBcCunULSNrivEluZ22GlLfvMMvajItb2UmK16NjHPZy4qP7ALyw==",
      "license": "MIT",
      "peerDependencies": {
        "@tsparticles/engine": "4.0.2"
      }
    },
    "node_modules/@tsparticles/updater-size": {
      "version": "4.0.2",
      "resolved": "https://registry.npmjs.org/@tsparticles/updater-size/-/updater-size-4.0.2.tgz",
      "integrity": "sha512-CIfmy8jimvo8C6HWJgLxy70v/L1vVvZ9zk4eFcf8AcLEykqEH6vXTO1xwm/XlZ5L5RhSlFrmM14pqYA2rWQVqw==",
      "license": "MIT",
      "peerDependencies": {
        "@tsparticles/engine": "4.0.2"
      }
    },
    "node_modules/@tsparticles/updater-tilt": {
      "version": "4.0.2",
      "resolved": "https://registry.npmjs.org/@tsparticles/updater-tilt/-/updater-tilt-4.0.2.tgz",
      "integrity": "sha512-EvUE9IvBLq1OqSfNlxJl87Q7YCSnHy3Tz1bOpy1MjPr7K0a/j9n6RqowNjEqqOBXsXtThUmDmtyI9Bmnbq//SA==",
      "license": "MIT",
      "peerDependencies": {
        "@tsparticles/engine": "4.0.2"
      }
    },
    "node_modules/@tsparticles/updater-twinkle": {
      "version": "4.0.2",
      "resolved": "https://registry.npmjs.org/@tsparticles/updater-twinkle/-/updater-twinkle-4.0.2.tgz",
      "integrity": "sha512-ll8RUyEBRiA9eGiY2hyQ6duIG4Ao5uUSZN50oKoEnDLHic1jov6HrOikqvEBCgaSo949uZZUGGo6xg+nhOYlOA==",
      "license": "MIT",
      "peerDependencies": {
        "@tsparticles/engine": "4.0.2"
      }
    },
    "node_modules/@tsparticles/updater-wobble": {
      "version": "4.0.2",
      "resolved": "https://registry.npmjs.org/@tsparticles/updater-wobble/-/updater-wobble-4.0.2.tgz",
      "integrity": "sha512-1BaprT1jkCsSNRHby8DOSdi5cK7lsP50DkJjqG+SwjOQemj7JeGsPcedtrVxoFSLb8CtD7Coa86qua9mc0WrNw==",
      "license": "MIT",
      "peerDependencies": {
        "@tsparticles/engine": "4.0.2"
      }
    },
    "node_modules/animejs": {
      "version": "4.4.1",
      "resolved": "https://registry.npmjs.org/animejs/-/animejs-4.4.1.tgz",
      "integrity": "sha512-XimhJw4vPb6tAd6Zaoa6BaspJ8UteQMKvL7Pvrt6MW/6u2UvJs0TB/LLqR1sigaiYvpVPC3Tokr9emcCMhWFhw==",
      "license": "MIT",
      "funding": {
        "type": "github",
        "url": "https://github.com/sponsors/juliangarnier"
      }
    },
    "node_modules/aos": {
      "version": "2.3.4",
      "resolved": "https://registry.npmjs.org/aos/-/aos-2.3.4.tgz",
      "integrity": "sha512-zh/ahtR2yME4I51z8IttIt4lC1Nw0ktsFtmeDzID1m9naJnWXhCoARaCgNOGXb5CLy3zm+wqmRAEgMYB5E2HUw==",
      "license": "MIT",
      "dependencies": {
        "classlist-polyfill": "^1.0.3",
        "lodash.debounce": "^4.0.6",
        "lodash.throttle": "^4.0.1"
      }
    },
    "node_modules/canvas-confetti": {
      "version": "1.9.4",
      "resolved": "https://registry.npmjs.org/canvas-confetti/-/canvas-confetti-1.9.4.tgz",
      "integrity": "sha512-yxQbJkAVrFXWNbTUjPqjF7G+g6pDotOUHGbkZq2NELZUMDpiJ85rIEazVb8GTaAptNW2miJAXbs1BtioA251Pw==",
      "license": "ISC",
      "funding": {
        "type": "donate",
        "url": "https://www.paypal.me/kirilvatev"
      }
    },
    "node_modules/classlist-polyfill": {
      "version": "1.2.0",
      "resolved": "https://registry.npmjs.org/classlist-polyfill/-/classlist-polyfill-1.2.0.tgz",
      "integrity": "sha512-GzIjNdcEtH4ieA2S8NmrSxv7DfEV5fmixQeyTmqmRmRJPGpRBaSnA2a0VrCjyT8iW8JjEdMbKzDotAJf+ajgaQ==",
      "license": "Unlicense"
    },
    "node_modules/countup.js": {
      "version": "2.10.0",
      "resolved": "https://registry.npmjs.org/countup.js/-/countup.js-2.10.0.tgz",
      "integrity": "sha512-QQpZx7oYxsR+OeITlZe46fY/OQjV11oBqjY8wgIXzLU2jIz8GzOrbMhqKLysGY8bWI3T1ZNrYkwGzKb4JNgyzg==",
      "license": "MIT"
    },
    "node_modules/framer-motion": {
      "version": "12.38.0",
      "resolved": "https://registry.npmjs.org/framer-motion/-/framer-motion-12.38.0.tgz",
      "integrity": "sha512-rFYkY/pigbcswl1XQSb7q424kSTQ8q6eAC+YUsSKooHQYuLdzdHjrt6uxUC+PRAO++q5IS7+TamgIw1AphxR+g==",
      "license": "MIT",
      "dependencies": {
        "motion-dom": "^12.38.0",
        "motion-utils": "^12.36.0",
        "tslib": "^2.4.0"
      },
      "peerDependencies": {
        "@emotion/is-prop-valid": "*",
        "react": "^18.0.0 || ^19.0.0",
        "react-dom": "^18.0.0 || ^19.0.0"
      },
      "peerDependenciesMeta": {
        "@emotion/is-prop-valid": {
          "optional": true
        },
        "react": {
          "optional": true
        },
        "react-dom": {
          "optional": true
        }
      }
    },
    "node_modules/gsap": {
      "version": "3.15.0",
      "resolved": "https://registry.npmjs.org/gsap/-/gsap-3.15.0.tgz",
      "integrity": "sha512-dMW4CWBTUK1AEEDeZc1g4xpPGIrSf9fJF960qbTZmN/QwZIWY5wgliS6JWl9/25fpTGJrMRtSjGtOmPnfjZB+A==",
      "license": "Standard 'no charge' license: https://gsap.com/standard-license."
    },
    "node_modules/is-dom-node": {
      "version": "1.0.4",
      "resolved": "https://registry.npmjs.org/is-dom-node/-/is-dom-node-1.0.4.tgz",
      "integrity": "sha512-NEnTHKCeyGJTL0cKdzATF8SWzyTMYf5CbNKWBvsXvyMxZG32g+a09qkeCbrfQNLTD85CbPeHb4YjIJCjyzF0yA==",
      "license": "MIT"
    },
    "node_modules/is-dom-node-list": {
      "version": "1.2.1",
      "resolved": "https://registry.npmjs.org/is-dom-node-list/-/is-dom-node-list-1.2.1.tgz",
      "integrity": "sha512-P1H071iT5TGG8pAHslhrLDo/tQLYc8tGuWABVqhGU4l2mm7aDNb9cx2myQ2AujEQO6B2cAujcW4a0/+6UfXInw==",
      "license": "MIT",
      "dependencies": {
        "is-dom-node": "^1.0.4"
      }
    },
    "node_modules/is-promise": {
      "version": "4.0.0",
      "resolved": "https://registry.npmjs.org/is-promise/-/is-promise-4.0.0.tgz",
      "integrity": "sha512-hvpoI6korhJMnej285dSg6nu1+e6uxs7zG3BYAm5byqDsgJNWwxzM6z6iZiAgQR4TJ30JmBTOwqZUw3WlyH3AQ==",
      "license": "MIT"
    },
    "node_modules/lenis": {
      "version": "1.3.23",
      "resolved": "https://registry.npmjs.org/lenis/-/lenis-1.3.23.tgz",
      "integrity": "sha512-YxYq3TJqj9sJNv0V9SkyQHejt14xwyIwgDaaMK89Uf9SxQfIszu+gTQSSphh6BWlLTNVKvvXAGkg+Zf+oFIevg==",
      "license": "MIT",
      "workspaces": [
        "packages/*",
        "playground",
        "playground/*"
      ],
      "funding": {
        "type": "github",
        "url": "https://github.com/sponsors/darkroomengineering"
      },
      "peerDependencies": {
        "@nuxt/kit": ">=3.0.0",
        "react": ">=17.0.0",
        "vue": ">=3.0.0"
      },
      "peerDependenciesMeta": {
        "@nuxt/kit": {
          "optional": true
        },
        "react": {
          "optional": true
        },
        "vue": {
          "optional": true
        }
      }
    },
    "node_modules/lodash.debounce": {
      "version": "4.0.8",
      "resolved": "https://registry.npmjs.org/lodash.debounce/-/lodash.debounce-4.0.8.tgz",
      "integrity": "sha512-FT1yDzDYEoYWhnSGnpE/4Kj1fLZkDFyqRb7fNt6FdYOSxlUWAtp42Eh6Wb0rGIv/m9Bgo7x4GhQbm5Ys4SG5ow==",
      "license": "MIT"
    },
    "node_modules/lodash.throttle": {
      "version": "4.1.1",
      "resolved": "https://registry.npmjs.org/lodash.throttle/-/lodash.throttle-4.1.1.tgz",
      "integrity": "sha512-wIkUCfVKpVsWo3JSZlc+8MB5it+2AN5W8J7YVMST30UrvcQNZ1Okbj+rbVniijTWE6FGYy4XJq/rHkas8qJMLQ==",
      "license": "MIT"
    },
    "node_modules/miniraf": {
      "version": "1.0.0",
      "resolved": "https://registry.npmjs.org/miniraf/-/miniraf-1.0.0.tgz",
      "integrity": "sha512-XpvhtJYzVrpXe+JoAthrT9E40NIrSDDMcdHEYL2M+lR/OCas0nadetcBBq/MWYqlgV5aDWVQ3mfAqd+fG6Y/EQ==",
      "license": "MIT"
    },
    "node_modules/motion-dom": {
      "version": "12.38.0",
      "resolved": "https://registry.npmjs.org/motion-dom/-/motion-dom-12.38.0.tgz",
      "integrity": "sha512-pdkHLD8QYRp8VfiNLb8xIBJis1byQ9gPT3Jnh2jqfFtAsWUA3dEepDlsWe/xMpO8McV+VdpKVcp+E+TGJEtOoA==",
      "license": "MIT",
      "dependencies": {
        "motion-utils": "^12.36.0"
      }
    },
    "node_modules/motion-utils": {
      "version": "12.36.0",
      "resolved": "https://registry.npmjs.org/motion-utils/-/motion-utils-12.36.0.tgz",
      "integrity": "sha512-eHWisygbiwVvf6PZ1vhaHCLamvkSbPIeAYxWUuL3a2PD/TROgE7FvfHWTIH4vMl798QLfMw15nRqIaRDXTlYRg==",
      "license": "MIT"
    },
    "node_modules/path-to-regexp": {
      "version": "6.3.0",
      "resolved": "https://registry.npmjs.org/path-to-regexp/-/path-to-regexp-6.3.0.tgz",
      "integrity": "sha512-Yhpw4T9C6hPpgPeA28us07OJeqZ5EzQTkbfwuhsUg0c237RomFoETJgmp2sa3F/41gfLE6G5cqcYwznmeEeOlQ==",
      "license": "MIT"
    },
    "node_modules/rematrix": {
      "version": "0.3.0",
      "resolved": "https://registry.npmjs.org/rematrix/-/rematrix-0.3.0.tgz",
      "integrity": "sha512-xB/9ZvJIKaDgXX0qkvV9/pLD8zK23A6TVV6F8Vhsl+SrxbBeVYutz5uszxgC6Rt3RP9LZiH8OXaYjr+x6WXWmQ==",
      "license": "MIT"
    },
    "node_modules/scrollreveal": {
      "version": "4.0.9",
      "resolved": "https://registry.npmjs.org/scrollreveal/-/scrollreveal-4.0.9.tgz",
      "integrity": "sha512-fefGvzVS8YbXbDK1+T0kvy2yqxaiBJZeGUhPeqajf+7sGqtX4xikbKGAlzQuPCpswAMswx94ZwhDjXKnRIqW1w==",
      "hasInstallScript": true,
      "license": "GPL-3.0",
      "dependencies": {
        "miniraf": "1.0.0",
        "rematrix": "0.3.0",
        "tealight": "0.3.6"
      }
    },
    "node_modules/split-type": {
      "version": "0.3.4",
      "resolved": "https://registry.npmjs.org/split-type/-/split-type-0.3.4.tgz",
      "integrity": "sha512-otEk9vnD8qwfLsk3Lx0gz+qRkNIJCx0mlyL47ImP/DjMuV39d75Lpfwjn9fHteDRz0aoOblSzQjSNT9+Sswxcg==",
      "license": "ISC"
    },
    "node_modules/tealight": {
      "version": "0.3.6",
      "resolved": "https://registry.npmjs.org/tealight/-/tealight-0.3.6.tgz",
      "integrity": "sha512-Dys3N8jFBThD9pNVpPCyUiu6DfWcTBdqWQJIvnAuVaFkGEdrPBJ43070vVbn6sTlLvn2IQK2zFW4FrVIrTo8eQ==",
      "license": "MIT",
      "dependencies": {
        "is-dom-node": "^1.0.4",
        "is-dom-node-list": "^1.2.1"
      }
    },
    "node_modules/three": {
      "version": "0.184.0",
      "resolved": "https://registry.npmjs.org/three/-/three-0.184.0.tgz",
      "integrity": "sha512-wtTRjG92pM5eUg/KuUnHsqSAlPM296brTOcLgMRqEeylYTh/CdtvKUvCyyCQTzFuStieWxvZb8mVTMvdPyUpxg==",
      "license": "MIT"
    },
    "node_modules/tslib": {
      "version": "2.8.1",
      "resolved": "https://registry.npmjs.org/tslib/-/tslib-2.8.1.tgz",
      "integrity": "sha512-oJFu94HQb+KVduSUQL7wnpmqnfmLsOA/nAh6b6EH0wCEoK0/mPeXU6c3wKDV83MkOuHPRHtSXKKU99IBazS/2w==",
      "license": "0BSD"
    },
    "node_modules/tsparticles": {
      "version": "4.0.2",
      "resolved": "https://registry.npmjs.org/tsparticles/-/tsparticles-4.0.2.tgz",
      "integrity": "sha512-L5EU2tKqFOqrefL9njwVys1busOPMy8kdmnZeIz6G3l5s/3pL74+OOvgqyAgxIy2LTEeGgX3ZRTTx2shquKsag==",
      "funding": [
        {
          "type": "github",
          "url": "https://github.com/sponsors/matteobruni"
        },
        {
          "type": "github",
          "url": "https://github.com/sponsors/tsparticles"
        },
        {
          "type": "buymeacoffee",
          "url": "https://www.buymeacoffee.com/matteobruni"
        }
      ],
      "license": "MIT",
      "dependencies": {
        "@tsparticles/engine": "4.0.2",
        "@tsparticles/interaction-external-drag": "4.0.2",
        "@tsparticles/interaction-external-trail": "4.0.2",
        "@tsparticles/plugin-absorbers": "4.0.2",
        "@tsparticles/plugin-emitters": "4.0.2",
        "@tsparticles/plugin-emitters-shape-circle": "4.0.2",
        "@tsparticles/plugin-emitters-shape-square": "4.0.2",
        "@tsparticles/shape-text": "4.0.2",
        "@tsparticles/slim": "4.0.2",
        "@tsparticles/updater-destroy": "4.0.2",
        "@tsparticles/updater-roll": "4.0.2",
        "@tsparticles/updater-tilt": "4.0.2",
        "@tsparticles/updater-twinkle": "4.0.2",
        "@tsparticles/updater-wobble": "4.0.2"
      }
    },
    "node_modules/typed.js": {
      "version": "3.0.0",
      "resolved": "https://registry.npmjs.org/typed.js/-/typed.js-3.0.0.tgz",
      "integrity": "sha512-X4pjf0E7riZBo6j3NS21/7cJJ20osSOtD1OxlRoKfFU3GsdPuSpWlFcIKWf0k8uoKwBBrPuHGx+fKeU6GzRcKg==",
      "license": "GPL-3.0"
    },
    "node_modules/vanta": {
      "version": "0.5.24",
      "resolved": "https://registry.npmjs.org/vanta/-/vanta-0.5.24.tgz",
      "integrity": "sha512-fvieEbHy1ZS23zrcX+topzqAgA4Uct1enngOEWLFBgs9TtOf6RDFOYatH7KSVdrABzQDMCQ5myQy+nTSZZwLzg==",
      "license": "MIT"
    },
    "node_modules/vivus": {
      "version": "0.4.6",
      "resolved": "https://registry.npmjs.org/vivus/-/vivus-0.4.6.tgz",
      "integrity": "sha512-q6cDPTGqw/bq9sKF2h2T6GJ9PlwAFncHq7MdaK95WTSyd/7gz//UHTZbJ3B+r8f7AhcISPTC3sv9+u65BmmFbw==",
      "license": "MIT"
    }
  }
}
